
Microsoft Visual Studio Solution File, Format Version 12.00
# Visual Studio Version 16
VisualStudioVersion = 16.0.31624.102
MinimumVisualStudioVersion = 10.0.40219.1
Project("{9A19103F-16F7-4668-BE54-9A1E7A4F7556}") = "Domain", "Domain\Domain.csproj", "{57093FCA-C35B-43C1-B888-480C680EE5A8}"
EndProject
Project("{9A19103F-16F7-4668-BE54-9A1E7A4F7556}") = "Infrastructure", "Infrastructure\Infrastructure.csproj", "{02BC4C6B-DA16-4006-8C8F-EB3D81CE91C9}"
EndProject
Project("{FAE04EC0-301F-11D3-BF4B-00C04F79EFBC}") = "API", "API\API.csproj", "{5C1163AE-99E6-475E-A256-7822B43AA956}"
EndProject
Global
	GlobalSection(SolutionConfigurationPlatforms) = preSolution
		Debug|Any CPU = Debug|Any CPU
		Release|Any CPU = Release|Any CPU
	EndGlobalSection
	GlobalSection(ProjectConfigurationPlatforms) = postSolution
		{57093FCA-C35B-43C1-B888-480C680EE5A8}.Debug|Any CPU.ActiveCfg = Debug|Any CPU
		{57093FCA-C35B-43C1-B888-480C680EE5A8}.Debug|Any CPU.Build.0 = Debug|Any CPU
		{57093FCA-C35B-43C1-B888-480C680EE5A8}.Release|Any CPU.ActiveCfg = Release|Any CPU
		{57093FCA-C35B-43C1-B888-480C680EE5A8}.Release|Any CPU.Build.0 = Release|Any CPU
		{02BC4C6B-DA16-4006-8C8F-EB3D81CE91C9}.Debug|Any CPU.ActiveCfg = Debug|Any CPU
		{02BC4C6B-DA16-4006-8C8F-EB3D81CE91C9}.Debug|Any CPU.Build.0 = Debug|Any CPU
		{02BC4C6B-DA16-4006-8C8F-EB3D81CE91C9}.Release|Any CPU.ActiveCfg = Release|Any CPU
		{02BC4C6B-DA16-4006-8C8F-EB3D81CE91C9}.Release|Any CPU.Build.0 = Release|Any CPU
		{5C1163AE-99E6-475E-A256-7822B43AA956}.Debug|Any CPU.ActiveCfg = Debug|Any CPU
		{5C1163AE-99E6-475E-A256-7822B43AA956}.Debug|Any CPU.Build.0 = Debug|Any CPU
		{5C1163AE-99E6-475E-A256-7822B43AA956}.Release|Any CPU.ActiveCfg = Release|Any CPU
		{5C1163AE-99E6-475E-A256-7822B43AA956}.Release|Any CPU.Build.0 = Release|Any CPU
	EndGlobalSection
	GlobalSection(SolutionProperties) = preSolution
		HideSolutionNode = FALSE
	EndGlobalSection
	GlobalSection(ExtensibilityGlobals) = postSolution
		SolutionGuid = {6EC63CA1-A117-461D-9AEC-16BAE1437D54}
	EndGlobalSection
EndGlobal
